// !$*UTF8*$!
{
	archiveVersion = 1;
	classes = {
	};
	objectVersion = 46;
	objects = {

/* Begin PBXBuildFile section */
		4F4080431EE967C6003C9FB1 /* main.m in Sources */ = {isa = PBXBuildFile; fileRef = 4F4080421EE967C6003C9FB1 /* main.m */; };
		4F4080461EE967C6003C9FB1 /* AppDelegate.m in Sources */ = {isa = PBXBuildFile; fileRef = 4F4080451EE967C6003C9FB1 /* AppDelegate.m */; };
		4F4080491EE967C6003C9FB1 /* ViewController.m in Sources */ = {isa = PBXBuildFile; fileRef = 4F4080481EE967C6003C9FB1 /* ViewController.m */; };
		4F40804E1EE967C6003C9FB1 /* Assets.xcassets in Resources */ = {isa = PBXBuildFile; fileRef = 4F40804D1EE967C6003C9FB1 /* Assets.xcassets */; };
		4F4080511EE967C6003C9FB1 /* LaunchScreen.storyboard in Resources */ = {isa = PBXBuildFile; fileRef = 4F40804F1EE967C6003C9FB1 /* LaunchScreen.storyboard */; };
		4F4080791EE969EC003C9FB1 /* 1.jpg in Resources */ = {isa = PBXBuildFile; fileRef = 4F4080591EE969EC003C9FB1 /* 1.jpg */; };
		4F40807A1EE969EC003C9FB1 /* 10.jpg in Resources */ = {isa = PBXBuildFile; fileRef = 4F40805A1EE969EC003C9FB1 /* 10.jpg */; };
		4F40807B1EE969EC003C9FB1 /* 11.jpg in Resources */ = {isa = PBXBuildFile; fileRef = 4F40805B1EE969EC003C9FB1 /* 11.jpg */; };
		4F40807C1EE969EC003C9FB1 /* 12.jpg in Resources */ = {isa = PBXBuildFile; fileRef = 4F40805C1EE969EC003C9FB1 /* 12.jpg */; };
		4F40807D1EE969EC003C9FB1 /* 13.jpg in Resources */ = {isa = PBXBuildFile; fileRef = 4F40805D1EE969EC003C9FB1 /* 13.jpg */; };
		4F40807E1EE969EC003C9FB1 /* 14.jpg in Resources */ = {isa = PBXBuildFile; fileRef = 4F40805E1EE969EC003C9FB1 /* 14.jpg */; };
		4F40807F1EE969EC003C9FB1 /* 15.jpg in Resources */ = {isa = PBXBuildFile; fileRef = 4F40805F1EE969EC003C9FB1 /* 15.jpg */; };
		4F4080801EE969EC003C9FB1 /* 16.jpg in Resources */ = {isa = PBXBuildFile; fileRef = 4F4080601EE969EC003C9FB1 /* 16.jpg */; };
		4F4080811EE969EC003C9FB1 /* 17.jpg in Resources */ = {isa = PBXBuildFile; fileRef = 4F4080611EE969EC003C9FB1 /* 17.jpg */; };
		4F4080821EE969EC003C9FB1 /* 18.jpg in Resources */ = {isa = PBXBuildFile; fileRef = 4F4080621EE969EC003C9FB1 /* 18.jpg */; };
		4F4080831EE969EC003C9FB1 /* 19.jpg in Resources */ = {isa = PBXBuildFile; fileRef = 4F4080631EE969EC003C9FB1 /* 19.jpg */; };
		4F4080841EE969EC003C9FB1 /* 2.jpg in Resources */ = {isa = PBXBuildFile; fileRef = 4F4080641EE969EC003C9FB1 /* 2.jpg */; };
		4F4080851EE969EC003C9FB1 /* 20.jpg in Resources */ = {isa = PBXBuildFile; fileRef = 4F4080651EE969EC003C9FB1 /* 20.jpg */; };
		4F4080861EE969EC003C9FB1 /* 21.jpg in Resources */ = {isa = PBXBuildFile; fileRef = 4F4080661EE969EC003C9FB1 /* 21.jpg */; };
		4F4080871EE969EC003C9FB1 /* 22.jpg in Resources */ = {isa = PBXBuildFile; fileRef = 4F4080671EE969EC003C9FB1 /* 22.jpg */; };
		4F4080881EE969EC003C9FB1 /* 23.jpg in Resources */ = {isa = PBXBuildFile; fileRef = 4F4080681EE969EC003C9FB1 /* 23.jpg */; };
		4F4080891EE969EC003C9FB1 /* 24.jpg in Resources */ = {isa = PBXBuildFile; fileRef = 4F4080691EE969EC003C9FB1 /* 24.jpg */; };
		4F40808A1EE969EC003C9FB1 /* 25.jpg in Resources */ = {isa = PBXBuildFile; fileRef = 4F40806A1EE969EC003C9FB1 /* 25.jpg */; };
		4F40808B1EE969EC003C9FB1 /* 26.jpg in Resources */ = {isa = PBXBuildFile; fileRef = 4F40806B1EE969EC003C9FB1 /* 26.jpg */; };
		4F40808C1EE969EC003C9FB1 /* 27.jpg in Resources */ = {isa = PBXBuildFile; fileRef = 4F40806C1EE969EC003C9FB1 /* 27.jpg */; };
		4F40808D1EE969EC003C9FB1 /* 28.jpg in Resources */ = {isa = PBXBuildFile; fileRef = 4F40806D1EE969EC003C9FB1 /* 28.jpg */; };
		4F40808E1EE969EC003C9FB1 /* 29.jpg in Resources */ = {isa = PBXBuildFile; fileRef = 4F40806E1EE969EC003C9FB1 /* 29.jpg */; };
		4F40808F1EE969EC003C9FB1 /* 3.jpg in Resources */ = {isa = PBXBuildFile; fileRef = 4F40806F1EE969EC003C9FB1 /* 3.jpg */; };
		4F4080901EE969EC003C9FB1 /* 30.jpg in Resources */ = {isa = PBXBuildFile; fileRef = 4F4080701EE969EC003C9FB1 /* 30.jpg */; };
		4F4080911EE969EC003C9FB1 /* 31.jpg in Resources */ = {isa = PBXBuildFile; fileRef = 4F4080711EE969EC003C9FB1 /* 31.jpg */; };
		4F4080921EE969EC003C9FB1 /* 32.jpg in Resources */ = {isa = PBXBuildFile; fileRef = 4F4080721EE969EC003C9FB1 /* 32.jpg */; };
		4F4080931EE969EC003C9FB1 /* 4.jpg in Resources */ = {isa = PBXBuildFile; fileRef = 4F4080731EE969EC003C9FB1 /* 4.jpg */; };
		4F4080941EE969EC003C9FB1 /* 5.jpg in Resources */ = {isa = PBXBuildFile; fileRef = 4F4080741EE969EC003C9FB1 /* 5.jpg */; };
		4F4080951EE969EC003C9FB1 /* 6.jpg in Resources */ = {isa = PBXBuildFile; fileRef = 4F4080751EE969EC003C9FB1 /* 6.jpg */; };
		4F4080961EE969EC003C9FB1 /* 7.jpg in Resources */ = {isa = PBXBuildFile; fileRef = 4F4080761EE969EC003C9FB1 /* 7.jpg */; };
		4F4080971EE969EC003C9FB1 /* 8.jpg in Resources */ = {isa = PBXBuildFile; fileRef = 4F4080771EE969EC003C9FB1 /* 8.jpg */; };
		4F4080981EE969EC003C9FB1 /* 9.jpg in Resources */ = {isa = PBXBuildFile; fileRef = 4F4080781EE969EC003C9FB1 /* 9.jpg */; };
		4F40809B1EE96A99003C9FB1 /* Cell.m in Sources */ = {isa = PBXBuildFile; fileRef = 4F40809A1EE96A99003C9FB1 /* Cell.m */; };
		4F4080A11EE96D77003C9FB1 /* HorizontalLineLayout.m in Sources */ = {isa = PBXBuildFile; fileRef = 4F4080A01EE96D77003C9FB1 /* HorizontalLineLayout.m */; };
/* End PBXBuildFile section */

/* Begin PBXFileReference section */
		4F40803E1EE967C6003C9FB1 /* TripleCollection.app */ = {isa = PBXFileReference; explicitFileType = wrapper.application; includeInIndex = 0; path = TripleCollection.app; sourceTree = BUILT_PRODUCTS_DIR; };
		4F4080421EE967C6003C9FB1 /* main.m */ = {isa = PBXFileReference; lastKnownFileType = sourcecode.c.objc; path = main.m; sourceTree = "<group>"; };
		4F4080441EE967C6003C9FB1 /* AppDelegate.h */ = {isa = PBXFileReference; lastKnownFileType = sourcecode.c.h; path = AppDelegate.h; sourceTree = "<group>"; };
		4F4080451EE967C6003C9FB1 /* AppDelegate.m */ = {isa = PBXFileReference; lastKnownFileType = sourcecode.c.objc; path = AppDelegate.m; sourceTree = "<group>"; };
		4F4080471EE967C6003C9FB1 /* ViewController.h */ = {isa = PBXFileReference; lastKnownFileType = sourcecode.c.h; path = ViewController.h; sourceTree = "<group>"; };
		4F4080481EE967C6003C9FB1 /* ViewController.m */ = {isa = PBXFileReference; lastKnownFileType = sourcecode.c.objc; path = ViewController.m; sourceTree = "<group>"; };
		4F40804D1EE967C6003C9FB1 /* Assets.xcassets */ = {isa = PBXFileReference; lastKnownFileType = folder.assetcatalog; path = Assets.xcassets; sourceTree = "<group>"; };
		4F4080501EE967C6003C9FB1 /* Base */ = {isa = PBXFileReference; lastKnownFileType = file.storyboard; name = Base; path = Base.lproj/LaunchScreen.storyboard; sourceTree = "<group>"; };
		4F4080521EE967C6003C9FB1 /* Info.plist */ = {isa = PBXFileReference; lastKnownFileType = text.plist.xml; path = Info.plist; sourceTree = "<group>"; };
		4F4080591EE969EC003C9FB1 /* 1.jpg */ = {isa = PBXFileReference; lastKnownFileType = image.jpeg; path = 1.jpg; sourceTree = "<group>"; };
		4F40805A1EE969EC003C9FB1 /* 10.jpg */ = {isa = PBXFileReference; lastKnownFileType = image.jpeg; path = 10.jpg; sourceTree = "<group>"; };
		4F40805B1EE969EC003C9FB1 /* 11.jpg */ = {isa = PBXFileReference; lastKnownFileType = image.jpeg; path = 11.jpg; sourceTree = "<group>"; };
		4F40805C1EE969EC003C9FB1 /* 12.jpg */ = {isa = PBXFileReference; lastKnownFileType = image.jpeg; path = 12.jpg; sourceTree = "<group>"; };
		4F40805D1EE969EC003C9FB1 /* 13.jpg */ = {isa = PBXFileReference; lastKnownFileType = image.jpeg; path = 13.jpg; sourceTree = "<group>"; };
		4F40805E1EE969EC003C9FB1 /* 14.jpg */ = {isa = PBXFileReference; lastKnownFileType = image.jpeg; path = 14.jpg; sourceTree = "<group>"; };
		4F40805F1EE969EC003C9FB1 /* 15.jpg */ = {isa = PBXFileReference; lastKnownFileType = image.jpeg; path = 15.jpg; sourceTree = "<group>"; };
		4F4080601EE969EC003C9FB1 /* 16.jpg */ = {isa = PBXFileReference; lastKnownFileType = image.jpeg; path = 16.jpg; sourceTree = "<group>"; };
		4F4080611EE969EC003C9FB1 /* 17.jpg */ = {isa = PBXFileReference; lastKnownFileType = image.jpeg; path = 17.jpg; sourceTree = "<group>"; };
		4F4080621EE969EC003C9FB1 /* 18.jpg */ = {isa = PBXFileReference; lastKnownFileType = image.jpeg; path = 18.jpg; sourceTree = "<group>"; };
		4F4080631EE969EC003C9FB1 /* 19.jpg */ = {isa = PBXFileReference; lastKnownFileType = image.jpeg; path = 19.jpg; sourceTree = "<group>"; };
		4F4080641EE969EC003C9FB1 /* 2.jpg */ = {isa = PBXFileReference; lastKnownFileType = image.jpeg; path = 2.jpg; sourceTree = "<group>"; };
		4F4080651EE969EC003C9FB1 /* 20.jpg */ = {isa = PBXFileReference; lastKnownFileType = image.jpeg; path = 20.jpg; sourceTree = "<group>"; };
		4F4080661EE969EC003C9FB1 /* 21.jpg */ = {isa = PBXFileReference; lastKnownFileType = image.jpeg; path = 21.jpg; sourceTree = "<group>"; };
		4F4080671EE969EC003C9FB1 /* 22.jpg */ = {isa = PBXFileReference; lastKnownFileType = image.jpeg; path = 22.jpg; sourceTree = "<group>"; };
		4F4080681EE969EC003C9FB1 /* 23.jpg */ = {isa = PBXFileReference; lastKnownFileType = image.jpeg; path = 23.jpg; sourceTree = "<group>"; };
		4F4080691EE969EC003C9FB1 /* 24.jpg */ = {isa = PBXFileReference; lastKnownFileType = image.jpeg; path = 24.jpg; sourceTree = "<group>"; };
		4F40806A1EE969EC003C9FB1 /* 25.jpg */ = {isa = PBXFileReference; lastKnownFileType = image.jpeg; path = 25.jpg; sourceTree = "<group>"; };
		4F40806B1EE969EC003C9FB1 /* 26.jpg */ = {isa = PBXFileReference; lastKnownFileType = image.jpeg; path = 26.jpg; sourceTree = "<group>"; };
		4F40806C1EE969EC003C9FB1 /* 27.jpg */ = {isa = PBXFileReference; lastKnownFileType = image.jpeg; path = 27.jpg; sourceTree = "<group>"; };
		4F40806D1EE969EC003C9FB1 /* 28.jpg */ = {isa = PBXFileReference; lastKnownFileType = image.jpeg; path = 28.jpg; sourceTree = "<group>"; };
		4F40806E1EE969EC003C9FB1 /* 29.jpg */ = {isa = PBXFileReference; lastKnownFileType = image.jpeg; path = 29.jpg; sourceTree = "<group>"; };
		4F40806F1EE969EC003C9FB1 /* 3.jpg */ = {isa = PBXFileReference; lastKnownFileType = image.jpeg; path = 3.jpg; sourceTree = "<group>"; };
		4F4080701EE969EC003C9FB1 /* 30.jpg */ = {isa = PBXFileReference; lastKnownFileType = image.jpeg; path = 30.jpg; sourceTree = "<group>"; };
		4F4080711EE969EC003C9FB1 /* 31.jpg */ = {isa = PBXFileReference; lastKnownFileType = image.jpeg; path = 31.jpg; sourceTree = "<group>"; };
		4F4080721EE969EC003C9FB1 /* 32.jpg */ = {isa = PBXFileReference; lastKnownFileType = image.jpeg; path = 32.jpg; sourceTree = "<group>"; };
		4F4080731EE969EC003C9FB1 /* 4.jpg */ = {isa = PBXFileReference; lastKnownFileType = image.jpeg; path = 4.jpg; sourceTree = "<group>"; };
		4F4080741EE969EC003C9FB1 /* 5.jpg */ = {isa = PBXFileReference; lastKnownFileType = image.jpeg; path = 5.jpg; sourceTree = "<group>"; };
		4F4080751EE969EC003C9FB1 /* 6.jpg */ = {isa = PBXFileReference; lastKnownFileType = image.jpeg; path = 6.jpg; sourceTree = "<group>"; };
		4F4080761EE969EC003C9FB1 /* 7.jpg */ = {isa = PBXFileReference; lastKnownFileType = image.jpeg; path = 7.jpg; sourceTree = "<group>"; };
		4F4080771EE969EC003C9FB1 /* 8.jpg */ = {isa = PBXFileReference; lastKnownFileType = image.jpeg; path = 8.jpg; sourceTree = "<group>"; };
		4F4080781EE969EC003C9FB1 /* 9.jpg */ = {isa = PBXFileReference; lastKnownFileType = image.jpeg; path = 9.jpg; sourceTree = "<group>"; };
		4F4080991EE96A99003C9FB1 /* Cell.h */ = {isa = PBXFileReference; fileEncoding = 4; lastKnownFileType = sourcecode.c.h; path = Cell.h; sourceTree = "<group>"; };
		4F40809A1EE96A99003C9FB1 /* Cell.m */ = {isa = PBXFileReference; fileEncoding = 4; lastKnownFileType = sourcecode.c.objc; path = Cell.m; sourceTree = "<group>"; };
		4F40809F1EE96D77003C9FB1 /* HorizontalLineLayout.h */ = {isa = PBXFileReference; fileEncoding = 4; lastKnownFileType = sourcecode.c.h; path = HorizontalLineLayout.h; sourceTree = "<group>"; };
		4F4080A01EE96D77003C9FB1 /* HorizontalLineLayout.m */ = {isa = PBXFileReference; fileEncoding = 4; lastKnownFileType = sourcecode.c.objc; path = HorizontalLineLayout.m; sourceTree = "<group>"; };
/* End PBXFileReference section */

/* Begin PBXFrameworksBuildPhase section */
		4F40803B1EE967C6003C9FB1 /* Frameworks */ = {
			isa = PBXFrameworksBuildPhase;
			buildActionMask = 2147483647;
			files = (
			);
			runOnlyForDeploymentPostprocessing = 0;
		};
/* End PBXFrameworksBuildPhase section */

/* Begin PBXGroup section */
		4F4080351EE967C6003C9FB1 = {
			isa = PBXGroup;
			children = (
				4F4080401EE967C6003C9FB1 /* TripleCollection */,
				4F40803F1EE967C6003C9FB1 /* Products */,
			);
			sourceTree = "<group>";
		};
		4F40803F1EE967C6003C9FB1 /* Products */ = {
			isa = PBXGroup;
			children = (
				4F40803E1EE967C6003C9FB1 /* TripleCollection.app */,
			);
			name = Products;
			sourceTree = "<group>";
		};
		4F4080401EE967C6003C9FB1 /* TripleCollection */ = {
			isa = PBXGroup;
			children = (
				4F4080A21EE96D7C003C9FB1 /* Layout */,
				4F4080441EE967C6003C9FB1 /* AppDelegate.h */,
				4F4080451EE967C6003C9FB1 /* AppDelegate.m */,
				4F4080471EE967C6003C9FB1 /* ViewController.h */,
				4F4080481EE967C6003C9FB1 /* ViewController.m */,
				4F4080991EE96A99003C9FB1 /* Cell.h */,
				4F40809A1EE96A99003C9FB1 /* Cell.m */,
				4F40804D1EE967C6003C9FB1 /* Assets.xcassets */,
				4F40804F1EE967C6003C9FB1 /* LaunchScreen.storyboard */,
				4F4080521EE967C6003C9FB1 /* Info.plist */,
				4F4080411EE967C6003C9FB1 /* Supporting Files */,
				4F4080581EE969EC003C9FB1 /* photos */,
			);
			path = TripleCollection;
			sourceTree = "<group>";
		};
		4F4080411EE967C6003C9FB1 /* Supporting Files */ = {
			isa = PBXGroup;
			children = (
				4F4080421EE967C6003C9FB1 /* main.m */,
			);
			name = "Supporting Files";
			sourceTree = "<group>";
		};
		4F4080581EE969EC003C9FB1 /* photos */ = {
			isa = PBXGroup;
			children = (
				4F4080591EE969EC003C9FB1 /* 1.jpg */,
				4F40805A1EE969EC003C9FB1 /* 10.jpg */,
				4F40805B1EE969EC003C9FB1 /* 11.jpg */,
				4F40805C1EE969EC003C9FB1 /* 12.jpg */,
				4F40805D1EE969EC003C9FB1 /* 13.jpg */,
				4F40805E1EE969EC003C9FB1 /* 14.jpg */,
				4F40805F1EE969EC003C9FB1 /* 15.jpg */,
				4F4080601EE969EC003C9FB1 /* 16.jpg */,
				4F4080611EE969EC003C9FB1 /* 17.jpg */,
				4F4080621EE969EC003C9FB1 /* 18.jpg */,
				4F4080631EE969EC003C9FB1 /* 19.jpg */,
				4F4080641EE969EC003C9FB1 /* 2.jpg */,
				4F4080651EE969EC003C9FB1 /* 20.jpg */,
				4F4080661EE969EC003C9FB1 /* 21.jpg */,
				4F4080671EE969EC003C9FB1 /* 22.jpg */,
				4F4080681EE969EC003C9FB1 /* 23.jpg */,
				4F4080691EE969EC003C9FB1 /* 24.jpg */,
				4F40806A1EE969EC003C9FB1 /* 25.jpg */,
				4F40806B1EE969EC003C9FB1 /* 26.jpg */,
				4F40806C1EE969EC003C9FB1 /* 27.jpg */,
				4F40806D1EE969EC003C9FB1 /* 28.jpg */,
				4F40806E1EE969EC003C9FB1 /* 29.jpg */,
				4F40806F1EE969EC003C9FB1 /* 3.jpg */,
				4F4080701EE969EC003C9FB1 /* 30.jpg */,
				4F4080711EE969EC003C9FB1 /* 31.jpg */,
				4F4080721EE969EC003C9FB1 /* 32.jpg */,
				4F4080731EE969EC003C9FB1 /* 4.jpg */,
				4F4080741EE969EC003C9FB1 /* 5.jpg */,
				4F4080751EE969EC003C9FB1 /* 6.jpg */,
				4F4080761EE969EC003C9FB1 /* 7.jpg */,
				4F4080771EE969EC003C9FB1 /* 8.jpg */,
				4F4080781EE969EC003C9FB1 /* 9.jpg */,
			);
			path = photos;
			sourceTree = "<group>";
		};
		4F4080A21EE96D7C003C9FB1 /* Layout */ = {
			isa = PBXGroup;
			children = (
				4F40809F1EE96D77003C9FB1 /* HorizontalLineLayout.h */,
				4F4080A01EE96D77003C9FB1 /* HorizontalLineLayout.m */,
			);
			name = Layout;
			sourceTree = "<group>";
		};
/* End PBXGroup section */

/* Begin PBXNativeTarget section */
		4F40803D1EE967C6003C9FB1 /* TripleCollection */ = {
			isa = PBXNativeTarget;
			buildConfigurationList = 4F4080551EE967C6003C9FB1 /* Build configuration list for PBXNativeTarget "TripleCollection" */;
			buildPhases = (
				4F40803A1EE967C6003C9FB1 /* Sources */,
				4F40803B1EE967C6003C9FB1 /* Frameworks */,
				4F40803C1EE967C6003C9FB1 /* Resources */,
			);
			buildRules = (
			);
			dependencies = (
			);
			name = TripleCollection;
			productName = TripleCollection;
			productReference = 4F40803E1EE967C6003C9FB1 /* TripleCollection.app */;
			productType = "com.apple.product-type.application";
		};
/* End PBXNativeTarget section */

/* Begin PBXProject section */
		4F4080361EE967C6003C9FB1 /* Project object */ = {
			isa = PBXProject;
			attributes = {
				LastUpgradeCheck = 0830;
				ORGANIZATIONNAME = melody5417;
				TargetAttributes = {
					4F40803D1EE967C6003C9FB1 = {
						CreatedOnToolsVersion = 8.3.1;
						ProvisioningStyle = Automatic;
					};
				};
			};
			buildConfigurationList = 4F4080391EE967C6003C9FB1 /* Build configuration list for PBXProject "TripleCollection" */;
			compatibilityVersion = "Xcode 3.2";
			developmentRegion = English;
			hasScannedForEncodings = 0;
			knownRegions = (
				en,
				Base,
			);
			mainGroup = 4F4080351EE967C6003C9FB1;
			productRefGroup = 4F40803F1EE967C6003C9FB1 /* Products */;
			projectDirPath = "";
			projectRoot = "";
			targets = (
				4F40803D1EE967C6003C9FB1 /* TripleCollection */,
			);
		};
/* End PBXProject section */

/* Begin PBXResourcesBuildPhase section */
		4F40803C1EE967C6003C9FB1 /* Resources */ = {
			isa = PBXResourcesBuildPhase;
			buildActionMask = 2147483647;
			files = (
				4F4080961EE969EC003C9FB1 /* 7.jpg in Resources */,
				4F4080821EE969EC003C9FB1 /* 18.jpg in Resources */,
				4F40807E1EE969EC003C9FB1 /* 14.jpg in Resources */,
				4F40807A1EE969EC003C9FB1 /* 10.jpg in Resources */,
				4F40807D1EE969EC003C9FB1 /* 13.jpg in Resources */,
				4F4080511EE967C6003C9FB1 /* LaunchScreen.storyboard in Resources */,
				4F4080861EE969EC003C9FB1 /* 21.jpg in Resources */,
				4F40808A1EE969EC003C9FB1 /* 25.jpg in Resources */,
				4F40807C1EE969EC003C9FB1 /* 12.jpg in Resources */,
				4F40807F1EE969EC003C9FB1 /* 15.jpg in Resources */,
				4F4080851EE969EC003C9FB1 /* 20.jpg in Resources */,
				4F4080951EE969EC003C9FB1 /* 6.jpg in Resources */,
				4F40808C1EE969EC003C9FB1 /* 27.jpg in Resources */,
				4F4080791EE969EC003C9FB1 /* 1.jpg in Resources */,
				4F4080901EE969EC003C9FB1 /* 30.jpg in Resources */,
				4F4080881EE969EC003C9FB1 /* 23.jpg in Resources */,
				4F4080801EE969EC003C9FB1 /* 16.jpg in Resources */,
				4F4080831EE969EC003C9FB1 /* 19.jpg in Resources */,
				4F40808E1EE969EC003C9FB1 /* 29.jpg in Resources */,
				4F4080911EE969EC003C9FB1 /* 31.jpg in Resources */,
				4F4080931EE969EC003C9FB1 /* 4.jpg in Resources */,
				4F40808D1EE969EC003C9FB1 /* 28.jpg in Resources */,
				4F40808F1EE969EC003C9FB1 /* 3.jpg in Resources */,
				4F4080981EE969EC003C9FB1 /* 9.jpg in Resources */,
				4F40807B1EE969EC003C9FB1 /* 11.jpg in Resources */,
				4F4080921EE969EC003C9FB1 /* 32.jpg in Resources */,
				4F4080811EE969EC003C9FB1 /* 17.jpg in Resources */,
				4F4080891EE969EC003C9FB1 /* 24.jpg in Resources */,
				4F40808B1EE969EC003C9FB1 /* 26.jpg in Resources */,
				4F4080971EE969EC003C9FB1 /* 8.jpg in Resources */,
				4F4080841EE969EC003C9FB1 /* 2.jpg in Resources */,
				4F4080871EE969EC003C9FB1 /* 22.jpg in Resources */,
				4F40804E1EE967C6003C9FB1 /* Assets.xcassets in Resources */,
				4F4080941EE969EC003C9FB1 /* 5.jpg in Resources */,
			);
			runOnlyForDeploymentPostprocessing = 0;
		};
/* End PBXResourcesBuildPhase section */

/* Begin PBXSourcesBuildPhase section */
		4F40803A1EE967C6003C9FB1 /* Sources */ = {
			isa = PBXSourcesBuildPhase;
			buildActionMask = 2147483647;
			files = (
				4F4080491EE967C6003C9FB1 /* ViewController.m in Sources */,
				4F4080A11EE96D77003C9FB1 /* HorizontalLineLayout.m in Sources */,
				4F40809B1EE96A99003C9FB1 /* Cell.m in Sources */,
				4F4080461EE967C6003C9FB1 /* AppDelegate.m in Sources */,
				4F4080431EE967C6003C9FB1 /* main.m in Sources */,
			);
			runOnlyForDeploymentPostprocessing = 0;
		};
/* End PBXSourcesBuildPhase section */

/* Begin PBXVariantGroup section */
		4F40804F1EE967C6003C9FB1 /* LaunchScreen.storyboard */ = {
			isa = PBXVariantGroup;
			children = (
				4F4080501EE967C6003C9FB1 /* Base */,
			);
			name = LaunchScreen.storyboard;
			sourceTree = "<group>";
		};
/* End PBXVariantGroup section */

/* Begin XCBuildConfiguration section */
		4F4080531EE967C6003C9FB1 /* Debug */ = {
			isa = XCBuildConfiguration;
			buildSettings = {
				ALWAYS_SEARCH_USER_PATHS = NO;
				CLANG_ANALYZER_NONNULL = YES;
				CLANG_ANALYZER_NUMBER_OBJECT_CONVERSION = YES_AGGRESSIVE;
				CLANG_CXX_LANGUAGE_STANDARD = "gnu++0x";
				CLANG_CXX_LIBRARY = "libc++";
				CLANG_ENABLE_MODULES = YES;
				CLANG_ENABLE_OBJC_ARC = YES;
				CLANG_WARN_BOOL_CONVERSION = YES;
				CLANG_WARN_CONSTANT_CONVERSION = YES;
				CLANG_WARN_DIRECT_OBJC_ISA_USAGE = YES_ERROR;
				CLANG_WARN_DOCUMENTATION_COMMENTS = YES;
				CLANG_WARN_EMPTY_BODY = YES;
				CLANG_WARN_ENUM_CONVERSION = YES;
				CLANG_WARN_INFINITE_RECURSION = YES;
				CLANG_WARN_INT_CONVERSION = YES;
				CLANG_WARN_OBJC_ROOT_CLASS = YES_ERROR;
				CLANG_WARN_SUSPICIOUS_MOVE = YES;
				CLANG_WARN_UNREACHABLE_CODE = YES;
				CLANG_WARN__DUPLICATE_METHOD_MATCH = YES;
				"CODE_SIGN_IDENTITY[sdk=iphoneos*]" = "iPhone Developer";
				COPY_PHASE_STRIP = NO;
				DEBUG_INFORMATION_FORMAT = dwarf;
				ENABLE_STRICT_OBJC_MSGSEND = YES;
				ENABLE_TESTABILITY = YES;
				GCC_C_LANGUAGE_STANDARD = gnu99;
				GCC_DYNAMIC_NO_PIC = NO;
				GCC_NO_COMMON_BLOCKS = YES;
				GCC_OPTIMIZATION_LEVEL = 0;
				GCC_PREPROCESSOR_DEFINITIONS = (
					"DEBUG=1",
					"$(inherited)",
				);
				GCC_WARN_64_TO_32_BIT_CONVERSION = YES;
				GCC_WARN_ABOUT_RETURN_TYPE = YES_ERROR;
				GCC_WARN_UNDECLARED_SELECTOR = YES;
				GCC_WARN_UNINITIALIZED_AUTOS = YES_AGGRESSIVE;
				GCC_WARN_UNUSED_FUNCTION = YES;
				GCC_WARN_UNUSED_VARIABLE = YES;
				IPHONEOS_DEPLOYMENT_TARGET = 10.3;
				MTL_ENABLE_DEBUG_INFO = YES;
				ONLY_ACTIVE_ARCH = YES;
				SDKROOT = iphoneos;
				TARGETED_DEVICE_FAMILY = "1,2";
			};
			name = Debug;
		};
		4F4080541EE967C6003C9FB1 /* Release */ = {
			isa = XCBuildConfiguration;
			buildSettings = {
				ALWAYS_SEARCH_USER_PATHS = NO;
				CLANG_ANALYZER_NONNULL = YES;
				CLANG_ANALYZER_NUMBER_OBJECT_CONVERSION = YES_AGGRESSIVE;
				CLANG_CXX_LANGUAGE_STANDARD = "gnu++0x";
				CLANG_CXX_LIBRARY = "libc++";
				CLANG_ENABLE_MODULES = YES;
				CLANG_ENABLE_OBJC_ARC = YES;
				CLANG_WARN_BOOL_CONVERSION = YES;
				CLANG_WARN_CONSTANT_CONVERSION = YES;
				CLANG_WARN_DIRECT_OBJC_ISA_USAGE = YES_ERROR;
				CLANG_WARN_DOCUMENTATION_COMMENTS = YES;
				CLANG_WARN_EMPTY_BODY = YES;
				CLANG_WARN_ENUM_CONVERSION = YES;
				CLANG_WARN_INFINITE_RECURSION = YES;
				CLANG_WARN_INT_CONVERSION = YES;
				CLANG_WARN_OBJC_ROOT_CLASS = YES_ERROR;
				CLANG_WARN_SUSPICIOUS_MOVE = YES;
				CLANG_WARN_UNREACHABLE_CODE = YES;
				CLANG_WARN__DUPLICATE_METHOD_MATCH = YES;
				"CODE_SIGN_IDENTITY[sdk=iphoneos*]" = "iPhone Developer";
				COPY_PHASE_STRIP = NO;
				DEBUG_INFORMATION_FORMAT = "dwarf-with-dsym";
				ENABLE_NS_ASSERTIONS = NO;
				ENABLE_STRICT_OBJC_MSGSEND = YES;
				GCC_C_LANGUAGE_STANDARD = gnu99;
				GCC_NO_COMMON_BLOCKS = YES;
				GCC_WARN_64_TO_32_BIT_CONVERSION = YES;
				GCC_WARN_ABOUT_RETURN_TYPE = YES_ERROR;
				GCC_WARN_UNDECLARED_SELECTOR = YES;
				GCC_WARN_UNINITIALIZED_AUTOS = YES_AGGRESSIVE;
				GCC_WARN_UNUSED_FUNCTION = YES;
				GCC_WARN_UNUSED_VARIABLE = YES;
				IPHONEOS_DEPLOYMENT_TARGET = 10.3;
				MTL_ENABLE_DEBUG_INFO = NO;
				SDKROOT = iphoneos;
				TARGETED_DEVICE_FAMILY = "1,2";
				VALIDATE_PRODUCT = YES;
			};
			name = Release;
		};
		4F4080561EE967C6003C9FB1 /* Debug */ = {
			isa = XCBuildConfiguration;
			buildSettings = {
				ASSETCATALOG_COMPILER_APPICON_NAME = AppIcon;
				INFOPLIST_FILE = TripleCollection/Info.plist;
				LD_RUNPATH_SEARCH_PATHS = "$(inherited) @executable_path/Frameworks";
				PRODUCT_BUNDLE_IDENTIFIER = com.melody5417.TripleCollection;
				PRODUCT_NAME = "$(TARGET_NAME)";
			};
			name = Debug;
		};
		4F4080571EE967C6003C9FB1 /* Release */ = {
			isa = XCBuildConfiguration;
			buildSettings = {
				ASSETCATALOG_COMPILER_APPICON_NAME = AppIcon;
				INFOPLIST_FILE = TripleCollection/Info.plist;
				LD_RUNPATH_SEARCH_PATHS = "$(inherited) @executable_path/Frameworks";
				PRODUCT_BUNDLE_IDENTIFIER = com.melody5417.TripleCollection;
				PRODUCT_NAME = "$(TARGET_NAME)";
			};
			name = Release;
		};
/* End XCBuildConfiguration section */

/* Begin XCConfigurationList section */
		4F4080391EE967C6003C9FB1 /* Build configuration list for PBXProject "TripleCollection" */ = {
			isa = XCConfigurationList;
			buildConfigurations = (
				4F4080531EE967C6003C9FB1 /* Debug */,
				4F4080541EE967C6003C9FB1 /* Release */,
			);
			defaultConfigurationIsVisible = 0;
			defaultConfigurationName = Release;
		};
		4F4080551EE967C6003C9FB1 /* Build configuration list for PBXNativeTarget "TripleCollection" */ = {
			isa = XCConfigurationList;
			buildConfigurations = (
				4F4080561EE967C6003C9FB1 /* Debug */,
				4F4080571EE967C6003C9FB1 /* Release */,
			);
			defaultConfigurationIsVisible = 0;
		};
/* End XCConfigurationList section */
	};
	rootObject = 4F4080361EE967C6003C9FB1 /* Project object */;
}
